
Microsoft Visual Studio Solution File, Format Version 12.00
# Visual Studio Version 16
VisualStudioVersion = 16.0.31911.196
MinimumVisualStudioVersion = 10.0.40219.1
Project("{00D1A9C2-B5F0-4AF3-8072-F6C62B433612}") = "Novelty", "Novelty\Novelty.sqlproj", "{23827435-E92F-424C-B279-1CCCD360CDE7}"
EndProject
Global
	GlobalSection(SolutionConfigurationPlatforms) = preSolution
		Debug|Any CPU = Debug|Any CPU
		Release|Any CPU = Release|Any CPU
	EndGlobalSection
	GlobalSection(ProjectConfigurationPlatforms) = postSolution
		{23827435-E92F-424C-B279-1CCCD360CDE7}.Debug|Any CPU.ActiveCfg = Debug|Any CPU
		{23827435-E92F-424C-B279-1CCCD360CDE7}.Debug|Any CPU.Build.0 = Debug|Any CPU
		{23827435-E92F-424C-B279-1CCCD360CDE7}.Debug|Any CPU.Deploy.0 = Debug|Any CPU
		{23827435-E92F-424C-B279-1CCCD360CDE7}.Release|Any CPU.ActiveCfg = Release|Any CPU
		{23827435-E92F-424C-B279-1CCCD360CDE7}.Release|Any CPU.Build.0 = Release|Any CPU
		{23827435-E92F-424C-B279-1CCCD360CDE7}.Release|Any CPU.Deploy.0 = Release|Any CPU
	EndGlobalSection
	GlobalSection(SolutionProperties) = preSolution
		HideSolutionNode = FALSE
	EndGlobalSection
	GlobalSection(ExtensibilityGlobals) = postSolution
		SolutionGuid = {BE5D0BD5-DE67-47B9-875B-282BC792A298}
	EndGlobalSection
EndGlobal
